PODS:
  - BTInfiniteScrollView (1.0.9)

DEPENDENCIES:
  - BTInfiniteScrollView (from `../`)

EXTERNAL SOURCES:
  BTInfiniteScrollView:
    :path: "../"

SPEC CHECKSUMS:
  BTInfiniteScrollView: 12cd90a42eeeedbd9c3c60730a39d37e289e3833

PODFILE CHECKSUM: 17b4a69e6a46a55b9f6d9045ef5ea20d4d5eaa41

COCOAPODS: 1.1.1
