PODS:
  - BTInfiniteScrollView (1.1.0)

DEPENDENCIES:
  - BTInfiniteScrollView (from `../`)

EXTERNAL SOURCES:
  BTInfiniteScrollView:
    :path: "../"

SPEC CHECKSUMS:
  BTInfiniteScrollView: af0b5b6ad9f006049cc6ba86eca12a4f36d4272f

PODFILE CHECKSUM: 17b4a69e6a46a55b9f6d9045ef5ea20d4d5eaa41

COCOAPODS: 1.1.1
