PODS:
  - BTInfiniteScrollView (1.0.6)

DEPENDENCIES:
  - BTInfiniteScrollView (from `../`)

EXTERNAL SOURCES:
  BTInfiniteScrollView:
    :path: "../"

SPEC CHECKSUMS:
  BTInfiniteScrollView: 84bc2b5ddd61856252f43e56332addf150328c02

PODFILE CHECKSUM: 17b4a69e6a46a55b9f6d9045ef5ea20d4d5eaa41

COCOAPODS: 1.0.0
